<?xml version="1.0" encoding="utf-8"?>
<Project ToolsVersion="4.0" xmlns="http://schemas.microsoft.com/developer/msbuild/2003">
  <ItemGroup>
    <Filter Include="Source Files">
      <UniqueIdentifier>{4FC737F1-C7A5-4376-A066-2A32D752A2FF}</UniqueIdentifier>
      <Extensions>cpp;c;cc;cxx;def;odl;idl;hpj;bat;asm;asmx</Extensions>
    </Filter>
    <Filter Include="Header Files">
      <UniqueIdentifier>{93995380-89BD-4b04-88EB-625FBE52EBFB}</UniqueIdentifier>
      <Extensions>h;hpp;hxx;hm;inl;inc;xsd</Extensions>
    </Filter>
    <Filter Include="Resource Files">
      <UniqueIdentifier>{67DA6AB6-F800-4c08-8B7A-83BB121AAD01}</UniqueIdentifier>
      <Extensions>rc;ico;cur;bmp;dlg;rc2;rct;bin;rgs;gif;jpg;jpeg;jpe;resx;tiff;tif;png;wav</Extensions>
    </Filter>
    <Filter Include="tests">
      <UniqueIdentifier>{da7e69a6-10ba-4a64-a153-e4f667681d70}</UniqueIdentifier>
    </Filter>
  </ItemGroup>
  <ItemGroup>
    <ClCompile Include="Arrays_and_Strings.cpp">
      <Filter>Source Files</Filter>
    </ClCompile>
    <ClCompile Include="file_handler.cpp">
      <Filter>Source Files</Filter>
    </ClCompile>
    <ClCompile Include="main.cpp">
      <Filter>Source Files</Filter>
    </ClCompile>
  </ItemGroup>
  <ItemGroup>
    <ClInclude Include="Arrays_and_Strings.h">
      <Filter>Header Files</Filter>
    </ClInclude>
    <ClInclude Include="file_handler.h">
      <Filter>Header Files</Filter>
    </ClInclude>
  </ItemGroup>
  <ItemGroup>
    <Text Include="..\tests\strings-compression.txt">
      <Filter>tests</Filter>
    </Text>
    <Text Include="..\tests\strings-replace_spaces.txt">
      <Filter>tests</Filter>
    </Text>
    <Text Include="..\tests\strings-rotate.txt">
      <Filter>tests</Filter>
    </Text>
    <Text Include="..\tests\strings-rotatestr.txt">
      <Filter>tests</Filter>
    </Text>
    <Text Include="..\tests\strings-setzero.txt">
      <Filter>tests</Filter>
    </Text>
    <Text Include="..\tests\strings-inastring.txt">
      <Filter>tests</Filter>
    </Text>
  </ItemGroup>
</Project>